{
    "_readme": [
        "This file locks the dependencies of your project to a known state",
        "Read more about it at https://getcomposer.org/doc/01-basic-usage.md#installing-dependencies",
        "This file is @generated automatically"
    ],
    "content-hash": "bc4d42081d292220b197aaee6e15c628",
    "packages": [
        {
            "name": "components/bootstrap",
            "version": "4.1.1",
            "source": {
                "type": "git",
                "url": "https://github.com/components/bootstrap.git",
                "reference": "6c183f17f5d8fbfb38af412c5e0a52135f7d01c9"
            },
            "dist": {
                "type": "zip",
                "url": "https://api.github.com/repos/components/bootstrap/zipball/6c183f17f5d8fbfb38af412c5e0a52135f7d01c9",
                "reference": "6c183f17f5d8fbfb38af412c5e0a52135f7d01c9",
                "shasum": ""
            },
            "require": {
                "components/jquery": ">=2"
            },
            "type": "component",
            "extra": {
                "component": {
                    "scripts": [
                        "js/bootstrap.js"
                    ],
                    "files": [
                        "js/*.js",
                        "css/*.css",
                        "css/*.map"
                    ],
                    "shim": {
                        "deps": [
                            "jquery"
                        ]
                    }
                }
            },
            "notification-url": "https://packagist.org/downloads/",
            "license": [
                "MIT"
            ],
            "authors": [
                {
                    "name": "Jacob Thornton",
                    "email": "jacobthornton@gmail.com"
                },
                {
                    "name": "Mark Otto",
                    "email": "markdotto@gmail.com"
                }
            ],
            "description": "The most popular front-end framework for developing responsive, mobile first projects on the web.",
            "homepage": "http://getbootstrap.com",
            "keywords": [
                "css",
                "framework",
                "front-end",
                "mobile-first",
                "responsive",
                "sass",
                "web"
            ],
            "time": "2018-05-06T21:06:16+00:00"
        },
        {
            "name": "components/font-awesome",
            "version": "4.7.0",
            "source": {
                "type": "git",
                "url": "https://github.com/components/font-awesome.git",
                "reference": "885308b939369d147bec93174722786bc2c4eedd"
            },
            "dist": {
                "type": "zip",
                "url": "https://api.github.com/repos/components/font-awesome/zipball/885308b939369d147bec93174722786bc2c4eedd",
                "reference": "885308b939369d147bec93174722786bc2c4eedd",
                "shasum": ""
            },
            "type": "component",
            "extra": {
                "component": {
                    "styles": [
                        "css/font-awesome.css"
                    ],
                    "files": [
                        "css/font-awesome.min.css",
                        "css/font-awesome.css.map",
                        "fonts/*"
                    ]
                }
            },
            "notification-url": "https://packagist.org/downloads/",
            "license": [
                "MIT",
                "OFL-1.1"
            ],
            "description": "The iconic font designed for use with Twitter Bootstrap.",
            "time": "2016-10-25T10:56:23+00:00"
        },
        {
            "name": "components/jquery",
            "version": "3.3.1",
            "source": {
                "type": "git",
                "url": "https://github.com/components/jquery.git",
                "reference": "459648cda77875519c5da3ae1dd0ed5d170aa649"
            },
            "dist": {
                "type": "zip",
                "url": "https://api.github.com/repos/components/jquery/zipball/459648cda77875519c5da3ae1dd0ed5d170aa649",
                "reference": "459648cda77875519c5da3ae1dd0ed5d170aa649",
                "shasum": ""
            },
            "type": "component",
            "extra": {
                "component": {
                    "scripts": [
                        "jquery.js"
                    ],
                    "files": [
                        "jquery.min.js",
                        "jquery.min.map",
                        "jquery.slim.js",
                        "jquery.slim.min.js",
                        "jquery.slim.min.map"
                    ]
                }
            },
            "notification-url": "https://packagist.org/downloads/",
            "license": [
                "MIT"
            ],
            "authors": [
                {
                    "name": "JS Foundation and other contributors"
                }
            ],
            "description": "jQuery JavaScript Library",
            "homepage": "http://jquery.com",
            "time": "2018-03-04T13:23:48+00:00"
        },
        {
            "name": "makeusabrew/bootbox",
            "version": "v4.x-dev",
            "source": {
                "type": "git",
                "url": "https://github.com/makeusabrew/bootbox.git",
                "reference": "023a60e4cbce52d4f2842260a5714dd9c026c105"
            },
            "dist": {
                "type": "zip",
                "url": "https://api.github.com/repos/makeusabrew/bootbox/zipball/023a60e4cbce52d4f2842260a5714dd9c026c105",
                "reference": "023a60e4cbce52d4f2842260a5714dd9c026c105",
                "shasum": ""
            },
            "require": {
                "components/bootstrap": "*"
            },
            "type": "component",
            "extra": {
                "component": {
                    "scripts": [
                        "bootbox.js"
                    ]
                }
            },
            "notification-url": "https://packagist.org/downloads/",
            "license": [
                "MIT"
            ],
            "authors": [
                {
                    "name": "Nick Payne",
                    "email": "nick@kurai.co.uk"
                }
            ],
            "description": "Wrappers for JavaScript alert(), confirm() and other flexible dialogs using the Bootstrap framework",
            "time": "2017-06-13T15:04:07+00:00"
        },
        {
            "name": "markbaker/complex",
            "version": "1.4.7",
            "source": {
                "type": "git",
                "url": "https://github.com/MarkBaker/PHPComplex.git",
                "reference": "1ea674a8308baf547cbcbd30c5fcd6d301b7c000"
            },
            "dist": {
                "type": "zip",
                "url": "https://api.github.com/repos/MarkBaker/PHPComplex/zipball/1ea674a8308baf547cbcbd30c5fcd6d301b7c000",
                "reference": "1ea674a8308baf547cbcbd30c5fcd6d301b7c000",
                "shasum": ""
            },
            "require": {
                "php": "^5.6.0|^7.0.0"
            },
            "require-dev": {
                "dealerdirect/phpcodesniffer-composer-installer": "^0.4.3",
                "phpcompatibility/php-compatibility": "^8.0",
                "phpdocumentor/phpdocumentor": "2.*",
                "phploc/phploc": "2.*",
                "phpmd/phpmd": "2.*",
                "phpunit/phpunit": "^4.8.35|^5.4.0",
                "sebastian/phpcpd": "2.*",
                "squizlabs/php_codesniffer": "^3.3.0"
            },
            "type": "library",
            "autoload": {
                "psr-4": {
                    "Complex\\": "classes/src/"
                },
                "files": [
                    "classes/src/functions/abs.php",
                    "classes/src/functions/acos.php",
                    "classes/src/functions/acosh.php",
                    "classes/src/functions/acot.php",
                    "classes/src/functions/acoth.php",
                    "classes/src/functions/acsc.php",
                    "classes/src/functions/acsch.php",
                    "classes/src/functions/argument.php",
                    "classes/src/functions/asec.php",
                    "classes/src/functions/asech.php",
                    "classes/src/functions/asin.php",
                    "classes/src/functions/asinh.php",
                    "classes/src/functions/atan.php",
                    "classes/src/functions/atanh.php",
                    "classes/src/functions/conjugate.php",
                    "classes/src/functions/cos.php",
                    "classes/src/functions/cosh.php",
                    "classes/src/functions/cot.php",
                    "classes/src/functions/coth.php",
                    "classes/src/functions/csc.php",
                    "classes/src/functions/csch.php",
                    "classes/src/functions/exp.php",
                    "classes/src/functions/inverse.php",
                    "classes/src/functions/ln.php",
                    "classes/src/functions/log2.php",
                    "classes/src/functions/log10.php",
                    "classes/src/functions/negative.php",
                    "classes/src/functions/pow.php",
                    "classes/src/functions/rho.php",
                    "classes/src/functions/sec.php",
                    "classes/src/functions/sech.php",
                    "classes/src/functions/sin.php",
                    "classes/src/functions/sinh.php",
                    "classes/src/functions/sqrt.php",
                    "classes/src/functions/tan.php",
                    "classes/src/functions/tanh.php",
                    "classes/src/functions/theta.php",
                    "classes/src/operations/add.php",
                    "classes/src/operations/subtract.php",
                    "classes/src/operations/multiply.php",
                    "classes/src/operations/divideby.php",
                    "classes/src/operations/divideinto.php"
                ]
            },
            "notification-url": "https://packagist.org/downloads/",
            "license": [
                "MIT"
            ],
            "authors": [
                {
                    "name": "Mark Baker",
                    "email": "mark@lange.demon.co.uk"
                }
            ],
            "description": "PHP Class for working with complex numbers",
            "homepage": "https://github.com/MarkBaker/PHPComplex",
            "keywords": [
                "complex",
                "mathematics"
            ],
            "time": "2018-10-13T23:28:42+00:00"
        },
        {
            "name": "mk-j/php_xlsxwriter",
            "version": "0.37",
            "source": {
                "type": "git",
                "url": "https://github.com/mk-j/PHP_XLSXWriter.git",
                "reference": "c4ba6023fcd49578062e35ed6af3e205dd50a903"
            },
            "dist": {
                "type": "zip",
                "url": "https://api.github.com/repos/mk-j/PHP_XLSXWriter/zipball/c4ba6023fcd49578062e35ed6af3e205dd50a903",
                "reference": "c4ba6023fcd49578062e35ed6af3e205dd50a903",
                "shasum": ""
            },
            "require": {
                "ext-zip": "*",
                "php": ">=5.2.1"
            },
            "require-dev": {
                "phpunit/phpunit": "4.3.*"
            },
            "type": "project",
            "autoload": {
                "classmap": [
                    "xlsxwriter.class.php"
                ]
            },
            "notification-url": "https://packagist.org/downloads/",
            "license": [
                "MIT"
            ],
            "description": "PHP Library to write XLSX files",
            "homepage": "https://github.com/mk-j/PHP_XLSXWriter",
            "keywords": [
                "excel",
                "library",
                "php",
                "xls",
                "xlsx"
            ],
            "time": "2018-01-11T08:03:56+00:00"
        },
        {
            "name": "phpmailer/phpmailer",
            "version": "v5.2.27",
            "source": {
                "type": "git",
                "url": "https://github.com/PHPMailer/PHPMailer.git",
                "reference": "dde1db116511aa4956389d75546c5be4c2beb2a6"
            },
            "dist": {
                "type": "zip",
                "url": "https://api.github.com/repos/PHPMailer/PHPMailer/zipball/dde1db116511aa4956389d75546c5be4c2beb2a6",
                "reference": "dde1db116511aa4956389d75546c5be4c2beb2a6",
                "shasum": ""
            },
            "require": {
                "ext-ctype": "*",
                "php": ">=5.0.0"
            },
            "require-dev": {
                "doctrine/annotations": "1.2.*",
                "jms/serializer": "0.16.*",
                "phpdocumentor/phpdocumentor": "2.*",
                "phpunit/phpunit": "4.8.*",
                "symfony/debug": "2.8.*",
                "symfony/filesystem": "2.8.*",
                "symfony/translation": "2.8.*",
                "symfony/yaml": "2.8.*",
                "zendframework/zend-cache": "2.5.1",
                "zendframework/zend-config": "2.5.1",
                "zendframework/zend-eventmanager": "2.5.1",
                "zendframework/zend-filter": "2.5.1",
                "zendframework/zend-i18n": "2.5.1",
                "zendframework/zend-json": "2.5.1",
                "zendframework/zend-math": "2.5.1",
                "zendframework/zend-serializer": "2.5.*",
                "zendframework/zend-servicemanager": "2.5.*",
                "zendframework/zend-stdlib": "2.5.1"
            },
            "suggest": {
                "league/oauth2-google": "Needed for Google XOAUTH2 authentication"
            },
            "type": "library",
            "autoload": {
                "classmap": [
                    "class.phpmailer.php",
                    "class.phpmaileroauth.php",
                    "class.phpmaileroauthgoogle.php",
                    "class.smtp.php",
                    "class.pop3.php",
                    "extras/EasyPeasyICS.php",
                    "extras/ntlm_sasl_client.php"
                ]
            },
            "notification-url": "https://packagist.org/downloads/",
            "license": [
                "LGPL-2.1"
            ],
            "authors": [
                {
                    "name": "Jim Jagielski",
                    "email": "jimjag@gmail.com"
                },
                {
                    "name": "Marcus Bointon",
                    "email": "phpmailer@synchromedia.co.uk"
                },
                {
                    "name": "Andy Prevost",
                    "email": "codeworxtech@users.sourceforge.net"
                },
                {
                    "name": "Brent R. Matzelle"
                }
            ],
            "description": "PHPMailer is a full-featured email creation and transfer class for PHP",
            "time": "2018-11-15T22:32:31+00:00"
        },
        {
            "name": "phpoffice/phpspreadsheet",
            "version": "1.5.2",
            "source": {
                "type": "git",
                "url": "https://github.com/PHPOffice/PhpSpreadsheet.git",
                "reference": "cd60531c44f580fbdfbd55dfb935af791f09be5d"
            },
            "dist": {
                "type": "zip",
                "url": "https://api.github.com/repos/PHPOffice/PhpSpreadsheet/zipball/cd60531c44f580fbdfbd55dfb935af791f09be5d",
                "reference": "cd60531c44f580fbdfbd55dfb935af791f09be5d",
                "shasum": ""
            },
            "require": {
                "ext-ctype": "*",
                "ext-dom": "*",
                "ext-gd": "*",
                "ext-iconv": "*",
                "ext-libxml": "*",
                "ext-mbstring": "*",
                "ext-simplexml": "*",
                "ext-xml": "*",
                "ext-xmlreader": "*",
                "ext-xmlwriter": "*",
                "ext-zip": "*",
                "ext-zlib": "*",
                "markbaker/complex": "^1.4.1",
                "php": "^5.6|^7.0",
                "psr/simple-cache": "^1.0"
            },
            "require-dev": {
                "dompdf/dompdf": "^0.8.0",
                "friendsofphp/php-cs-fixer": "@stable",
                "jpgraph/jpgraph": "^4.0",
                "mpdf/mpdf": "^7.0.0",
                "phpcompatibility/php-compatibility": "^8.0",
                "phpunit/phpunit": "^5.7",
                "squizlabs/php_codesniffer": "^3.3",
                "tecnickcom/tcpdf": "^6.2"
            },
            "suggest": {
                "dompdf/dompdf": "Option for rendering PDF with PDF Writer",
                "jpgraph/jpgraph": "Option for rendering charts, or including charts with PDF or HTML Writers",
                "mpdf/mpdf": "Option for rendering PDF with PDF Writer",
                "tecnickcom/tcpdf": "Option for rendering PDF with PDF Writer"
            },
            "type": "library",
            "autoload": {
                "psr-4": {
                    "PhpOffice\\PhpSpreadsheet\\": "src/PhpSpreadsheet"
                }
            },
            "notification-url": "https://packagist.org/downloads/",
            "license": [
                "LGPL-2.1-or-later"
            ],
            "authors": [
                {
                    "name": "Erik Tilt"
                },
                {
                    "name": "Adrien Crivelli"
                },
                {
                    "name": "Maarten Balliauw",
                    "homepage": "https://blog.maartenballiauw.be"
                },
                {
                    "name": "Mark Baker",
                    "homepage": "https://markbakeruk.net"
                },
                {
                    "name": "Franck Lefevre",
                    "homepage": "https://rootslabs.net"
                }
            ],
            "description": "PHPSpreadsheet - Read, Create and Write Spreadsheet documents in PHP - Spreadsheet engine",
            "homepage": "https://github.com/PHPOffice/PhpSpreadsheet",
            "keywords": [
                "OpenXML",
                "excel",
                "gnumeric",
                "ods",
                "php",
                "spreadsheet",
                "xls",
                "xlsx"
            ],
            "time": "2018-11-25T17:40:15+00:00"
        },
        {
            "name": "psr/simple-cache",
            "version": "1.0.1",
            "source": {
                "type": "git",
                "url": "https://github.com/php-fig/simple-cache.git",
                "reference": "408d5eafb83c57f6365a3ca330ff23aa4a5fa39b"
            },
            "dist": {
                "type": "zip",
                "url": "https://api.github.com/repos/php-fig/simple-cache/zipball/408d5eafb83c57f6365a3ca330ff23aa4a5fa39b",
                "reference": "408d5eafb83c57f6365a3ca330ff23aa4a5fa39b",
                "shasum": ""
            },
            "require": {
                "php": ">=5.3.0"
            },
            "type": "library",
            "extra": {
                "branch-alias": {
                    "dev-master": "1.0.x-dev"
                }
            },
            "autoload": {
                "psr-4": {
                    "Psr\\SimpleCache\\": "src/"
                }
            },
            "notification-url": "https://packagist.org/downloads/",
            "license": [
                "MIT"
            ],
            "authors": [
                {
                    "name": "PHP-FIG",
                    "homepage": "http://www.php-fig.org/"
                }
            ],
            "description": "Common interfaces for simple caching",
            "keywords": [
                "cache",
                "caching",
                "psr",
                "psr-16",
                "simple-cache"
            ],
            "time": "2017-10-23T01:57:42+00:00"
        },
        {
            "name": "thomaspark/bootswatch",
            "version": "v3.4.0",
            "source": {
                "type": "git",
                "url": "https://github.com/thomaspark/bootswatch.git",
                "reference": "bbf98f20a7bff7168ea0d120c73529f69677a77b"
            },
            "dist": {
                "type": "zip",
                "url": "https://api.github.com/repos/thomaspark/bootswatch/zipball/bbf98f20a7bff7168ea0d120c73529f69677a77b",
                "reference": "bbf98f20a7bff7168ea0d120c73529f69677a77b",
                "shasum": ""
            },
            "suggest": {
                "robloach/component-installer": "Allows installation of Components via Composer"
            },
            "type": "component",
            "extra": {
                "component": {
                    "name": "bootswatch",
                    "files": [
                        "README.md",
                        "LICENSE",
                        "amelia/*",
                        "cerulean/*",
                        "cosmo/*",
                        "cyborg/*",
                        "darkly/*",
                        "flatly/*",
                        "fonts/*",
                        "journal/*",
                        "lumen/*",
                        "paper/*",
                        "readable/*",
                        "sandstone/*",
                        "simplex/*",
                        "slate/*",
                        "spacelab/*",
                        "superhero/*",
                        "united/*",
                        "yeti/*"
                    ]
                }
            },
            "notification-url": "https://packagist.org/downloads/",
            "license": [
                "MIT"
            ],
            "authors": [
                {
                    "name": "thomaspark",
                    "email": "thomas@bootswatch.com"
                }
            ],
            "description": "Themes for Bootstrap",
            "time": "2018-12-18T20:56:29+00:00"
        },
        {
            "name": "twbs/bootstrap",
            "version": "v3.4.0",
            "source": {
                "type": "git",
                "url": "https://github.com/twbs/bootstrap.git",
                "reference": "4c547f2175b9a05aa43551f6927da83fe249ce42"
            },
            "dist": {
                "type": "zip",
                "url": "https://api.github.com/repos/twbs/bootstrap/zipball/4c547f2175b9a05aa43551f6927da83fe249ce42",
                "reference": "4c547f2175b9a05aa43551f6927da83fe249ce42",
                "shasum": ""
            },
            "replace": {
                "twitter/bootstrap": "self.version"
            },
            "type": "library",
            "extra": {
                "branch-alias": {
                    "dev-master": "3.4.x-dev"
                }
            },
            "notification-url": "https://packagist.org/downloads/",
            "license": [
                "MIT"
            ],
            "authors": [
                {
                    "name": "Jacob Thornton",
                    "email": "jacobthornton@gmail.com"
                },
                {
                    "name": "Mark Otto",
                    "email": "markdotto@gmail.com"
                }
            ],
            "description": "The most popular front-end framework for developing responsive, mobile first projects on the web.",
            "homepage": "https://getbootstrap.com/",
            "keywords": [
                "JS",
                "css",
                "framework",
                "front-end",
                "less",
                "mobile-first",
                "responsive",
                "web"
            ],
            "time": "2018-12-13T23:45:51+00:00"
        }
    ],
    "packages-dev": [],
    "aliases": [],
    "minimum-stability": "stable",
    "stability-flags": {
        "makeusabrew/bootbox": 20
    },
    "prefer-stable": false,
    "prefer-lowest": false,
    "platform": {
        "php": ">=7.0",
        "ext-mysqli": "*",
        "ext-curl": "*"
    },
    "platform-dev": []
}
